
Microsoft Visual Studio Solution File, Format Version 12.00
# Visual Studio Version 17
VisualStudioVersion = 17.8.34330.188
MinimumVisualStudioVersion = 10.0.40219.1
Project("{FAE04EC0-301F-11D3-BF4B-00C04F79EFBC}") = "ContosoUniversity", "ContosoUniversity\ContosoUniversity.csproj", "{A65D2BC6-A944-4923-8385-33A19E5AF9A4}"
EndProject
Project("{9A19103F-16F7-4668-BE54-9A1E7A4F7556}") = "test_API", "..\test_API\test_API\test_API.csproj", "{31A8DB67-8B2D-4AE0-A208-4F641578FD50}"
EndProject
Project("{9A19103F-16F7-4668-BE54-9A1E7A4F7556}") = "ContosoUniversityModel", "..\ContosoUniversityModel\ContosoUniversityModel.csproj", "{38EB64CD-76FE-475A-AE4B-09E8D1AA03FC}"
EndProject
Global
	GlobalSection(SolutionConfigurationPlatforms) = preSolution
		Debug|Any CPU = Debug|Any CPU
		Release|Any CPU = Release|Any CPU
	EndGlobalSection
	GlobalSection(ProjectConfigurationPlatforms) = postSolution
		{A65D2BC6-A944-4923-8385-33A19E5AF9A4}.Debug|Any CPU.ActiveCfg = Debug|Any CPU
		{A65D2BC6-A944-4923-8385-33A19E5AF9A4}.Debug|Any CPU.Build.0 = Debug|Any CPU
		{A65D2BC6-A944-4923-8385-33A19E5AF9A4}.Release|Any CPU.ActiveCfg = Release|Any CPU
		{A65D2BC6-A944-4923-8385-33A19E5AF9A4}.Release|Any CPU.Build.0 = Release|Any CPU
		{31A8DB67-8B2D-4AE0-A208-4F641578FD50}.Debug|Any CPU.ActiveCfg = Debug|Any CPU
		{31A8DB67-8B2D-4AE0-A208-4F641578FD50}.Debug|Any CPU.Build.0 = Debug|Any CPU
		{31A8DB67-8B2D-4AE0-A208-4F641578FD50}.Release|Any CPU.ActiveCfg = Release|Any CPU
		{31A8DB67-8B2D-4AE0-A208-4F641578FD50}.Release|Any CPU.Build.0 = Release|Any CPU
		{38EB64CD-76FE-475A-AE4B-09E8D1AA03FC}.Debug|Any CPU.ActiveCfg = Debug|Any CPU
		{38EB64CD-76FE-475A-AE4B-09E8D1AA03FC}.Debug|Any CPU.Build.0 = Debug|Any CPU
		{38EB64CD-76FE-475A-AE4B-09E8D1AA03FC}.Release|Any CPU.ActiveCfg = Release|Any CPU
		{38EB64CD-76FE-475A-AE4B-09E8D1AA03FC}.Release|Any CPU.Build.0 = Release|Any CPU
	EndGlobalSection
	GlobalSection(SolutionProperties) = preSolution
		HideSolutionNode = FALSE
	EndGlobalSection
	GlobalSection(ExtensibilityGlobals) = postSolution
		SolutionGuid = {21BFA5B3-35C9-4BCD-A908-A9F92F3E1263}
	EndGlobalSection
EndGlobal
