
Microsoft Visual Studio Solution File, Format Version 12.00
# Visual Studio Version 17
VisualStudioVersion = 17.5.002.0
MinimumVisualStudioVersion = 10.0.40219.1
Project("{9A19103F-16F7-4668-BE54-9A1E7A4F7556}") = "test_API", "test_API.csproj", "{F9680A56-59AB-4D4C-812A-D66BBEEC8E3B}"
EndProject
Global
	GlobalSection(SolutionConfigurationPlatforms) = preSolution
		Debug|Any CPU = Debug|Any CPU
		Release|Any CPU = Release|Any CPU
	EndGlobalSection
	GlobalSection(ProjectConfigurationPlatforms) = postSolution
		{F9680A56-59AB-4D4C-812A-D66BBEEC8E3B}.Debug|Any CPU.ActiveCfg = Debug|Any CPU
		{F9680A56-59AB-4D4C-812A-D66BBEEC8E3B}.Debug|Any CPU.Build.0 = Debug|Any CPU
		{F9680A56-59AB-4D4C-812A-D66BBEEC8E3B}.Release|Any CPU.ActiveCfg = Release|Any CPU
		{F9680A56-59AB-4D4C-812A-D66BBEEC8E3B}.Release|Any CPU.Build.0 = Release|Any CPU
	EndGlobalSection
	GlobalSection(SolutionProperties) = preSolution
		HideSolutionNode = FALSE
	EndGlobalSection
	GlobalSection(ExtensibilityGlobals) = postSolution
		SolutionGuid = {0021A975-292D-4350-BBAB-D5E18098CD67}
	EndGlobalSection
EndGlobal
